
Microsoft Visual Studio Solution File, Format Version 12.00
# Visual Studio Version 16
VisualStudioVersion = 16.0.30611.23
MinimumVisualStudioVersion = 10.0.40219.1
Project("{8BC9CEB8-8B4A-11D0-8D11-00A0C91BC942}") = "Lab7", "Lab7.vcxproj", "{DA8316CA-91CC-409C-AFF4-D7C4DFDE9E36}"
EndProject
Project("{8BC9CEB8-8B4A-11D0-8D11-00A0C91BC942}") = "z2", "..\z2\z2.vcxproj", "{5F8E0D2A-B7D3-4358-89B9-27A4D68F6546}"
EndProject
Project("{8BC9CEB8-8B4A-11D0-8D11-00A0C91BC942}") = "task3", "..\task3\task3.vcxproj", "{2845EE3A-D79C-42E1-BD91-4E8A9C7A26BA}"
EndProject
Global
	GlobalSection(SolutionConfigurationPlatforms) = preSolution
		Debug|x64 = Debug|x64
		Debug|x86 = Debug|x86
		Release|x64 = Release|x64
		Release|x86 = Release|x86
	EndGlobalSection
	GlobalSection(ProjectConfigurationPlatforms) = postSolution
		{DA8316CA-91CC-409C-AFF4-D7C4DFDE9E36}.Debug|x64.ActiveCfg = Debug|x64
		{DA8316CA-91CC-409C-AFF4-D7C4DFDE9E36}.Debug|x64.Build.0 = Debug|x64
		{DA8316CA-91CC-409C-AFF4-D7C4DFDE9E36}.Debug|x86.ActiveCfg = Debug|Win32
		{DA8316CA-91CC-409C-AFF4-D7C4DFDE9E36}.Debug|x86.Build.0 = Debug|Win32
		{DA8316CA-91CC-409C-AFF4-D7C4DFDE9E36}.Release|x64.ActiveCfg = Release|x64
		{DA8316CA-91CC-409C-AFF4-D7C4DFDE9E36}.Release|x64.Build.0 = Release|x64
		{DA8316CA-91CC-409C-AFF4-D7C4DFDE9E36}.Release|x86.ActiveCfg = Release|Win32
		{DA8316CA-91CC-409C-AFF4-D7C4DFDE9E36}.Release|x86.Build.0 = Release|Win32
		{5F8E0D2A-B7D3-4358-89B9-27A4D68F6546}.Debug|x64.ActiveCfg = Debug|x64
		{5F8E0D2A-B7D3-4358-89B9-27A4D68F6546}.Debug|x64.Build.0 = Debug|x64
		{5F8E0D2A-B7D3-4358-89B9-27A4D68F6546}.Debug|x86.ActiveCfg = Debug|Win32
		{5F8E0D2A-B7D3-4358-89B9-27A4D68F6546}.Debug|x86.Build.0 = Debug|Win32
		{5F8E0D2A-B7D3-4358-89B9-27A4D68F6546}.Release|x64.ActiveCfg = Release|x64
		{5F8E0D2A-B7D3-4358-89B9-27A4D68F6546}.Release|x64.Build.0 = Release|x64
		{5F8E0D2A-B7D3-4358-89B9-27A4D68F6546}.Release|x86.ActiveCfg = Release|Win32
		{5F8E0D2A-B7D3-4358-89B9-27A4D68F6546}.Release|x86.Build.0 = Release|Win32
		{2845EE3A-D79C-42E1-BD91-4E8A9C7A26BA}.Debug|x64.ActiveCfg = Debug|x64
		{2845EE3A-D79C-42E1-BD91-4E8A9C7A26BA}.Debug|x64.Build.0 = Debug|x64
		{2845EE3A-D79C-42E1-BD91-4E8A9C7A26BA}.Debug|x86.ActiveCfg = Debug|Win32
		{2845EE3A-D79C-42E1-BD91-4E8A9C7A26BA}.Debug|x86.Build.0 = Debug|Win32
		{2845EE3A-D79C-42E1-BD91-4E8A9C7A26BA}.Release|x64.ActiveCfg = Release|x64
		{2845EE3A-D79C-42E1-BD91-4E8A9C7A26BA}.Release|x64.Build.0 = Release|x64
		{2845EE3A-D79C-42E1-BD91-4E8A9C7A26BA}.Release|x86.ActiveCfg = Release|Win32
		{2845EE3A-D79C-42E1-BD91-4E8A9C7A26BA}.Release|x86.Build.0 = Release|Win32
	EndGlobalSection
	GlobalSection(SolutionProperties) = preSolution
		HideSolutionNode = FALSE
	EndGlobalSection
	GlobalSection(ExtensibilityGlobals) = postSolution
		SolutionGuid = {F038F31B-1F5A-40F1-AC7D-4CBAECB36C5F}
	EndGlobalSection
EndGlobal
